
Microsoft Visual Studio Solution File, Format Version 12.00
# Visual Studio Version 16
VisualStudioVersion = 16.0.31624.102
MinimumVisualStudioVersion = 10.0.40219.1
Project("{FAE04EC0-301F-11D3-BF4B-00C04F79EFBC}") = "Module17_FinalProject", "Module17_FinalProject\Module17_FinalProject.csproj", "{86AF7575-4540-45CA-8773-77802C3B0623}"
EndProject
Global
	GlobalSection(SolutionConfigurationPlatforms) = preSolution
		Debug|Any CPU = Debug|Any CPU
		Release|Any CPU = Release|Any CPU
	EndGlobalSection
	GlobalSection(ProjectConfigurationPlatforms) = postSolution
		{86AF7575-4540-45CA-8773-77802C3B0623}.Debug|Any CPU.ActiveCfg = Debug|Any CPU
		{86AF7575-4540-45CA-8773-77802C3B0623}.Debug|Any CPU.Build.0 = Debug|Any CPU
		{86AF7575-4540-45CA-8773-77802C3B0623}.Release|Any CPU.ActiveCfg = Release|Any CPU
		{86AF7575-4540-45CA-8773-77802C3B0623}.Release|Any CPU.Build.0 = Release|Any CPU
	EndGlobalSection
	GlobalSection(SolutionProperties) = preSolution
		HideSolutionNode = FALSE
	EndGlobalSection
	GlobalSection(ExtensibilityGlobals) = postSolution
		SolutionGuid = {8E249429-C8E4-40EE-BE26-B2F07A4207D4}
	EndGlobalSection
EndGlobal
